
Microsoft Visual Studio Solution File, Format Version 12.00
# Visual Studio Version 17
VisualStudioVersion = 17.6.33815.320
MinimumVisualStudioVersion = 10.0.40219.1
Project("{9A19103F-16F7-4668-BE54-9A1E7A4F7556}") = "Enigma", "Enigma\Enigma.csproj", "{C6B71572-C2DE-46B6-9856-0D06ACD46B15}"
EndProject
Project("{9A19103F-16F7-4668-BE54-9A1E7A4F7556}") = "Enigma.Tests", "Enigma.Tests\Enigma.Tests.csproj", "{86D69CE5-A2C6-44BA-97F4-3A531368A4AB}"
EndProject
Project("{9A19103F-16F7-4668-BE54-9A1E7A4F7556}") = "Enigma.DocGenerator", "Enigma.DocGenerator\Enigma.DocGenerator.csproj", "{7380831F-B86E-4681-BBFB-00F6CE57DC56}"
EndProject
Global
	GlobalSection(SolutionConfigurationPlatforms) = preSolution
		Debug|Any CPU = Debug|Any CPU
		Release|Any CPU = Release|Any CPU
	EndGlobalSection
	GlobalSection(ProjectConfigurationPlatforms) = postSolution
		{C6B71572-C2DE-46B6-9856-0D06ACD46B15}.Debug|Any CPU.ActiveCfg = Debug|Any CPU
		{C6B71572-C2DE-46B6-9856-0D06ACD46B15}.Debug|Any CPU.Build.0 = Debug|Any CPU
		{C6B71572-C2DE-46B6-9856-0D06ACD46B15}.Release|Any CPU.ActiveCfg = Release|Any CPU
		{C6B71572-C2DE-46B6-9856-0D06ACD46B15}.Release|Any CPU.Build.0 = Release|Any CPU
		{86D69CE5-A2C6-44BA-97F4-3A531368A4AB}.Debug|Any CPU.ActiveCfg = Debug|Any CPU
		{86D69CE5-A2C6-44BA-97F4-3A531368A4AB}.Debug|Any CPU.Build.0 = Debug|Any CPU
		{86D69CE5-A2C6-44BA-97F4-3A531368A4AB}.Release|Any CPU.ActiveCfg = Release|Any CPU
		{86D69CE5-A2C6-44BA-97F4-3A531368A4AB}.Release|Any CPU.Build.0 = Release|Any CPU
		{7380831F-B86E-4681-BBFB-00F6CE57DC56}.Debug|Any CPU.ActiveCfg = Debug|Any CPU
		{7380831F-B86E-4681-BBFB-00F6CE57DC56}.Debug|Any CPU.Build.0 = Debug|Any CPU
		{7380831F-B86E-4681-BBFB-00F6CE57DC56}.Release|Any CPU.ActiveCfg = Release|Any CPU
		{7380831F-B86E-4681-BBFB-00F6CE57DC56}.Release|Any CPU.Build.0 = Release|Any CPU
	EndGlobalSection
	GlobalSection(SolutionProperties) = preSolution
		HideSolutionNode = FALSE
	EndGlobalSection
	GlobalSection(ExtensibilityGlobals) = postSolution
		SolutionGuid = {1393B86E-21E9-4636-8A3E-B455042B4DFB}
	EndGlobalSection
EndGlobal
